<?xml version="1.0" encoding="utf-8"?>
<Project ToolsVersion="4.0" xmlns="http://schemas.microsoft.com/developer/msbuild/2003">
  <ItemGroup>
    <Filter Include="Source files">
      <UniqueIdentifier>{5142f85f-ac2c-42d9-9b78-dc887fe4ec02}</UniqueIdentifier>
      <Extensions>cpp;c;cc;cxx;def;odl;idl;hpj;bat;asm;asmx</Extensions>
    </Filter>
    <Filter Include="Header files">
      <UniqueIdentifier>{3dee4796-c46f-4fd1-bbc8-ffa44cc4a4a0}</UniqueIdentifier>
      <Extensions>h;hpp;hxx;hm;inl;inc;xsd</Extensions>
    </Filter>
    <Filter Include="Resource files">
      <UniqueIdentifier>{8db9aac4-78e0-4440-bd87-b8ad1625b9aa}</UniqueIdentifier>
      <Extensions>rc;ico;cur;bmp;dlg;rc2;rct;bin;rgs;gif;jpg;jpeg;jpe;resx;tiff;tif;png;wav</Extensions>
    </Filter>
    <Filter Include="Source files\Drivers">
      <UniqueIdentifier>{f2e82d9a-7532-4bff-8e08-78306cbfb2e0}</UniqueIdentifier>
    </Filter>
    <Filter Include="Source files\Drivers\CMSIS">
      <UniqueIdentifier>{e907d92a-1315-4796-b2c8-dfc43d84daa0}</UniqueIdentifier>
    </Filter>
    <Filter Include="Source files\Drivers\STM32F4xx_HAL_Driver">
      <UniqueIdentifier>{658dc524-37a4-4653-badf-7269f0265383}</UniqueIdentifier>
    </Filter>
    <Filter Include="Source files\Middlewares">
      <UniqueIdentifier>{55e3aaa9-41d5-41a2-88ca-17e5da764bbc}</UniqueIdentifier>
    </Filter>
    <Filter Include="Source files\Middlewares\FreeRTOS">
      <UniqueIdentifier>{9eb7ba6c-f45f-4a49-ac15-8400c889805d}</UniqueIdentifier>
    </Filter>
    <Filter Include="Source files\Application">
      <UniqueIdentifier>{bacb6112-9a4a-449f-b9b4-ed8d0c69670a}</UniqueIdentifier>
    </Filter>
    <Filter Include="Source files\Application\User">
      <UniqueIdentifier>{db3fc59c-9fc4-4097-81a2-b002f6528c78}</UniqueIdentifier>
    </Filter>
    <Filter Include="Source files\Application\User\Core">
      <UniqueIdentifier>{714c4424-6ab8-4099-b4f4-080880358718}</UniqueIdentifier>
    </Filter>
    <Filter Include="Source files\Device-specific files">
      <UniqueIdentifier>{52aa114c-2792-4134-95c9-df38626fbf61}</UniqueIdentifier>
    </Filter>
    <Filter Include="Header files\Drivers">
      <UniqueIdentifier>{8220bfee-ad17-45a2-8e47-efa27f8ee590}</UniqueIdentifier>
    </Filter>
    <Filter Include="Header files\Drivers\CMSIS">
      <UniqueIdentifier>{793fa8aa-935f-4c06-b0c0-0bb3d3ea8151}</UniqueIdentifier>
    </Filter>
    <Filter Include="Header files\Drivers\STM32F4xx_HAL_Driver">
      <UniqueIdentifier>{d4439dde-b553-4d78-aa45-b3861594999b}</UniqueIdentifier>
    </Filter>
    <Filter Include="Header files\Middlewares">
      <UniqueIdentifier>{dcc9ab28-75ad-4a80-b081-aa39fcab18e0}</UniqueIdentifier>
    </Filter>
    <Filter Include="Header files\Middlewares\FreeRTOS">
      <UniqueIdentifier>{d8a20194-347e-4665-9114-9fb1887e3fda}</UniqueIdentifier>
    </Filter>
    <Filter Include="Header files\Application">
      <UniqueIdentifier>{6b0c5006-8280-4d43-9d14-6f182cfcf8f7}</UniqueIdentifier>
    </Filter>
    <Filter Include="Header files\Application\User">
      <UniqueIdentifier>{be012347-8b66-42a3-856b-a611ecf4af8a}</UniqueIdentifier>
    </Filter>
    <Filter Include="Header files\Application\User\Core">
      <UniqueIdentifier>{5c4e49e7-700d-410d-907e-70a7a877f7dd}</UniqueIdentifier>
    </Filter>
    <Filter Include="Header files\Device-specific files">
      <UniqueIdentifier>{3bdf0c1f-f35f-46d2-beef-d4ac65bdbe87}</UniqueIdentifier>
    </Filter>
    <Filter Include="VisualGDB settings">
      <UniqueIdentifier>{2804d920-cd25-4f48-9ec1-4f1697dce93f}</UniqueIdentifier>
    </Filter>
  </ItemGroup>
  <ItemGroup>
    <ClCompile Include="..\Core\Src\system_stm32f4xx.c">
      <Filter>Source files\Drivers\CMSIS</Filter>
    </ClCompile>
    <ClCompile Include="..\Drivers\STM32F4xx_HAL_Driver\Src\stm32f4xx_hal.c">
      <Filter>Source files\Drivers\STM32F4xx_HAL_Driver</Filter>
    </ClCompile>
    <ClCompile Include="..\Drivers\STM32F4xx_HAL_Driver\Src\stm32f4xx_hal_cortex.c">
      <Filter>Source files\Drivers\STM32F4xx_HAL_Driver</Filter>
    </ClCompile>
    <ClCompile Include="..\Drivers\STM32F4xx_HAL_Driver\Src\stm32f4xx_hal_dma.c">
      <Filter>Source files\Drivers\STM32F4xx_HAL_Driver</Filter>
    </ClCompile>
    <ClCompile Include="..\Drivers\STM32F4xx_HAL_Driver\Src\stm32f4xx_hal_dma_ex.c">
      <Filter>Source files\Drivers\STM32F4xx_HAL_Driver</Filter>
    </ClCompile>
    <ClCompile Include="..\Drivers\STM32F4xx_HAL_Driver\Src\stm32f4xx_hal_eth.c">
      <Filter>Source files\Drivers\STM32F4xx_HAL_Driver</Filter>
    </ClCompile>
    <ClCompile Include="..\Drivers\STM32F4xx_HAL_Driver\Src\stm32f4xx_hal_exti.c">
      <Filter>Source files\Drivers\STM32F4xx_HAL_Driver</Filter>
    </ClCompile>
    <ClCompile Include="..\Drivers\STM32F4xx_HAL_Driver\Src\stm32f4xx_hal_flash.c">
      <Filter>Source files\Drivers\STM32F4xx_HAL_Driver</Filter>
    </ClCompile>
    <ClCompile Include="..\Drivers\STM32F4xx_HAL_Driver\Src\stm32f4xx_hal_flash_ex.c">
      <Filter>Source files\Drivers\STM32F4xx_HAL_Driver</Filter>
    </ClCompile>
    <ClCompile Include="..\Drivers\STM32F4xx_HAL_Driver\Src\stm32f4xx_hal_flash_ramfunc.c">
      <Filter>Source files\Drivers\STM32F4xx_HAL_Driver</Filter>
    </ClCompile>
    <ClCompile Include="..\Drivers\STM32F4xx_HAL_Driver\Src\stm32f4xx_hal_gpio.c">
      <Filter>Source files\Drivers\STM32F4xx_HAL_Driver</Filter>
    </ClCompile>
    <ClCompile Include="..\Drivers\STM32F4xx_HAL_Driver\Src\stm32f4xx_hal_pcd.c">
      <Filter>Source files\Drivers\STM32F4xx_HAL_Driver</Filter>
    </ClCompile>
    <ClCompile Include="..\Drivers\STM32F4xx_HAL_Driver\Src\stm32f4xx_hal_pcd_ex.c">
      <Filter>Source files\Drivers\STM32F4xx_HAL_Driver</Filter>
    </ClCompile>
    <ClCompile Include="..\Drivers\STM32F4xx_HAL_Driver\Src\stm32f4xx_hal_pwr.c">
      <Filter>Source files\Drivers\STM32F4xx_HAL_Driver</Filter>
    </ClCompile>
    <ClCompile Include="..\Drivers\STM32F4xx_HAL_Driver\Src\stm32f4xx_hal_pwr_ex.c">
      <Filter>Source files\Drivers\STM32F4xx_HAL_Driver</Filter>
    </ClCompile>
    <ClCompile Include="..\Drivers\STM32F4xx_HAL_Driver\Src\stm32f4xx_hal_rcc.c">
      <Filter>Source files\Drivers\STM32F4xx_HAL_Driver</Filter>
    </ClCompile>
    <ClCompile Include="..\Drivers\STM32F4xx_HAL_Driver\Src\stm32f4xx_hal_rcc_ex.c">
      <Filter>Source files\Drivers\STM32F4xx_HAL_Driver</Filter>
    </ClCompile>
    <ClCompile Include="..\Drivers\STM32F4xx_HAL_Driver\Src\stm32f4xx_hal_tim.c">
      <Filter>Source files\Drivers\STM32F4xx_HAL_Driver</Filter>
    </ClCompile>
    <ClCompile Include="..\Drivers\STM32F4xx_HAL_Driver\Src\stm32f4xx_hal_tim_ex.c">
      <Filter>Source files\Drivers\STM32F4xx_HAL_Driver</Filter>
    </ClCompile>
    <ClCompile Include="..\Drivers\STM32F4xx_HAL_Driver\Src\stm32f4xx_hal_uart.c">
      <Filter>Source files\Drivers\STM32F4xx_HAL_Driver</Filter>
    </ClCompile>
    <ClCompile Include="..\Drivers\STM32F4xx_HAL_Driver\Src\stm32f4xx_ll_usb.c">
      <Filter>Source files\Drivers\STM32F4xx_HAL_Driver</Filter>
    </ClCompile>
    <ClCompile Include="..\Middlewares\Third_Party\FreeRTOS\Source\CMSIS_RTOS_V2\cmsis_os2.c">
      <Filter>Source files\Middlewares\FreeRTOS</Filter>
    </ClCompile>
    <ClCompile Include="..\Middlewares\Third_Party\FreeRTOS\Source\croutine.c">
      <Filter>Source files\Middlewares\FreeRTOS</Filter>
    </ClCompile>
    <ClCompile Include="..\Middlewares\Third_Party\FreeRTOS\Source\event_groups.c">
      <Filter>Source files\Middlewares\FreeRTOS</Filter>
    </ClCompile>
    <ClCompile Include="..\Middlewares\Third_Party\FreeRTOS\Source\portable\MemMang\heap_4.c">
      <Filter>Source files\Middlewares\FreeRTOS</Filter>
    </ClCompile>
    <ClCompile Include="..\Middlewares\Third_Party\FreeRTOS\Source\list.c">
      <Filter>Source files\Middlewares\FreeRTOS</Filter>
    </ClCompile>
    <ClCompile Include="..\Middlewares\Third_Party\FreeRTOS\Source\portable\GCC\ARM_CM4F\port.c">
      <Filter>Source files\Middlewares\FreeRTOS</Filter>
    </ClCompile>
    <ClCompile Include="..\Middlewares\Third_Party\FreeRTOS\Source\queue.c">
      <Filter>Source files\Middlewares\FreeRTOS</Filter>
    </ClCompile>
    <ClCompile Include="..\Middlewares\Third_Party\FreeRTOS\Source\stream_buffer.c">
      <Filter>Source files\Middlewares\FreeRTOS</Filter>
    </ClCompile>
    <ClCompile Include="..\Middlewares\Third_Party\FreeRTOS\Source\tasks.c">
      <Filter>Source files\Middlewares\FreeRTOS</Filter>
    </ClCompile>
    <ClCompile Include="..\Middlewares\Third_Party\FreeRTOS\Source\timers.c">
      <Filter>Source files\Middlewares\FreeRTOS</Filter>
    </ClCompile>
    <ClCompile Include="..\Core\Src\eth.c">
      <Filter>Source files\Application\User\Core</Filter>
    </ClCompile>
    <ClCompile Include="..\Core\Src\freertos.c">
      <Filter>Source files\Application\User\Core</Filter>
    </ClCompile>
    <ClCompile Include="..\Core\Src\gpio.c">
      <Filter>Source files\Application\User\Core</Filter>
    </ClCompile>
    <ClCompile Include="..\Core\Src\main.c">
      <Filter>Source files\Application\User\Core</Filter>
    </ClCompile>
    <ClCompile Include="..\Core\Src\stm32f4xx_hal_msp.c">
      <Filter>Source files\Application\User\Core</Filter>
    </ClCompile>
    <ClCompile Include="..\Core\Src\stm32f4xx_hal_timebase_tim.c">
      <Filter>Source files\Application\User\Core</Filter>
    </ClCompile>
    <ClCompile Include="..\Core\Src\stm32f4xx_it.c">
      <Filter>Source files\Application\User\Core</Filter>
    </ClCompile>
    <ClCompile Include="..\Core\Src\usart.c">
      <Filter>Source files\Application\User\Core</Filter>
    </ClCompile>
    <ClCompile Include="..\Core\Src\usb_otg.c">
      <Filter>Source files\Application\User\Core</Filter>
    </ClCompile>
    <None Include="stm32.props">
      <Filter>Source files\Device-specific files</Filter>
    </None>
    <ClCompile Include="$(BSP_ROOT)\STM32F4xxxx\StartupFiles\startup_stm32f429xx.c">
      <Filter>Source files\Device-specific files</Filter>
    </ClCompile>
    <ClInclude Include="..\Drivers\STM32F4xx_HAL_Driver\Inc\Legacy\stm32_hal_legacy.h">
      <Filter>Header files</Filter>
    </ClInclude>
    <ClInclude Include="..\Drivers\STM32F4xx_HAL_Driver\Inc\stm32f4xx_hal.h">
      <Filter>Header files\Drivers\STM32F4xx_HAL_Driver</Filter>
    </ClInclude>
    <ClInclude Include="..\Drivers\STM32F4xx_HAL_Driver\Inc\stm32f4xx_hal_cortex.h">
      <Filter>Header files\Drivers\STM32F4xx_HAL_Driver</Filter>
    </ClInclude>
    <ClInclude Include="..\Drivers\STM32F4xx_HAL_Driver\Inc\stm32f4xx_hal_def.h">
      <Filter>Header files\Drivers\STM32F4xx_HAL_Driver</Filter>
    </ClInclude>
    <ClInclude Include="..\Drivers\STM32F4xx_HAL_Driver\Inc\stm32f4xx_hal_dma.h">
      <Filter>Header files\Drivers\STM32F4xx_HAL_Driver</Filter>
    </ClInclude>
    <ClInclude Include="..\Drivers\STM32F4xx_HAL_Driver\Inc\stm32f4xx_hal_dma_ex.h">
      <Filter>Header files\Drivers\STM32F4xx_HAL_Driver</Filter>
    </ClInclude>
    <ClInclude Include="..\Drivers\STM32F4xx_HAL_Driver\Inc\stm32f4xx_hal_eth.h">
      <Filter>Header files\Drivers\STM32F4xx_HAL_Driver</Filter>
    </ClInclude>
    <ClInclude Include="..\Drivers\STM32F4xx_HAL_Driver\Inc\stm32f4xx_hal_exti.h">
      <Filter>Header files\Drivers\STM32F4xx_HAL_Driver</Filter>
    </ClInclude>
    <ClInclude Include="..\Drivers\STM32F4xx_HAL_Driver\Inc\stm32f4xx_hal_flash.h">
      <Filter>Header files\Drivers\STM32F4xx_HAL_Driver</Filter>
    </ClInclude>
    <ClInclude Include="..\Drivers\STM32F4xx_HAL_Driver\Inc\stm32f4xx_hal_flash_ex.h">
      <Filter>Header files\Drivers\STM32F4xx_HAL_Driver</Filter>
    </ClInclude>
    <ClInclude Include="..\Drivers\STM32F4xx_HAL_Driver\Inc\stm32f4xx_hal_flash_ramfunc.h">
      <Filter>Header files\Drivers\STM32F4xx_HAL_Driver</Filter>
    </ClInclude>
    <ClInclude Include="..\Drivers\STM32F4xx_HAL_Driver\Inc\stm32f4xx_hal_gpio.h">
      <Filter>Header files\Drivers\STM32F4xx_HAL_Driver</Filter>
    </ClInclude>
    <ClInclude Include="..\Drivers\STM32F4xx_HAL_Driver\Inc\stm32f4xx_hal_gpio_ex.h">
      <Filter>Header files\Drivers\STM32F4xx_HAL_Driver</Filter>
    </ClInclude>
    <ClInclude Include="..\Drivers\STM32F4xx_HAL_Driver\Inc\stm32f4xx_hal_pcd.h">
      <Filter>Header files\Drivers\STM32F4xx_HAL_Driver</Filter>
    </ClInclude>
    <ClInclude Include="..\Drivers\STM32F4xx_HAL_Driver\Inc\stm32f4xx_hal_pcd_ex.h">
      <Filter>Header files\Drivers\STM32F4xx_HAL_Driver</Filter>
    </ClInclude>
    <ClInclude Include="..\Drivers\STM32F4xx_HAL_Driver\Inc\stm32f4xx_hal_pwr.h">
      <Filter>Header files\Drivers\STM32F4xx_HAL_Driver</Filter>
    </ClInclude>
    <ClInclude Include="..\Drivers\STM32F4xx_HAL_Driver\Inc\stm32f4xx_hal_pwr_ex.h">
      <Filter>Header files\Drivers\STM32F4xx_HAL_Driver</Filter>
    </ClInclude>
    <ClInclude Include="..\Drivers\STM32F4xx_HAL_Driver\Inc\stm32f4xx_hal_rcc.h">
      <Filter>Header files\Drivers\STM32F4xx_HAL_Driver</Filter>
    </ClInclude>
    <ClInclude Include="..\Drivers\STM32F4xx_HAL_Driver\Inc\stm32f4xx_hal_rcc_ex.h">
      <Filter>Header files\Drivers\STM32F4xx_HAL_Driver</Filter>
    </ClInclude>
    <ClInclude Include="..\Drivers\STM32F4xx_HAL_Driver\Inc\stm32f4xx_hal_tim.h">
      <Filter>Header files\Drivers\STM32F4xx_HAL_Driver</Filter>
    </ClInclude>
    <ClInclude Include="..\Drivers\STM32F4xx_HAL_Driver\Inc\stm32f4xx_hal_tim_ex.h">
      <Filter>Header files\Drivers\STM32F4xx_HAL_Driver</Filter>
    </ClInclude>
    <ClInclude Include="..\Drivers\STM32F4xx_HAL_Driver\Inc\stm32f4xx_hal_uart.h">
      <Filter>Header files\Drivers\STM32F4xx_HAL_Driver</Filter>
    </ClInclude>
    <ClInclude Include="..\Drivers\STM32F4xx_HAL_Driver\Inc\stm32f4xx_ll_bus.h">
      <Filter>Header files\Drivers\STM32F4xx_HAL_Driver</Filter>
    </ClInclude>
    <ClInclude Include="..\Drivers\STM32F4xx_HAL_Driver\Inc\stm32f4xx_ll_cortex.h">
      <Filter>Header files\Drivers\STM32F4xx_HAL_Driver</Filter>
    </ClInclude>
    <ClInclude Include="..\Drivers\STM32F4xx_HAL_Driver\Inc\stm32f4xx_ll_dma.h">
      <Filter>Header files\Drivers\STM32F4xx_HAL_Driver</Filter>
    </ClInclude>
    <ClInclude Include="..\Drivers\STM32F4xx_HAL_Driver\Inc\stm32f4xx_ll_exti.h">
      <Filter>Header files\Drivers\STM32F4xx_HAL_Driver</Filter>
    </ClInclude>
    <ClInclude Include="..\Drivers\STM32F4xx_HAL_Driver\Inc\stm32f4xx_ll_gpio.h">
      <Filter>Header files\Drivers\STM32F4xx_HAL_Driver</Filter>
    </ClInclude>
    <ClInclude Include="..\Drivers\STM32F4xx_HAL_Driver\Inc\stm32f4xx_ll_pwr.h">
      <Filter>Header files\Drivers\STM32F4xx_HAL_Driver</Filter>
    </ClInclude>
    <ClInclude Include="..\Drivers\STM32F4xx_HAL_Driver\Inc\stm32f4xx_ll_rcc.h">
      <Filter>Header files\Drivers\STM32F4xx_HAL_Driver</Filter>
    </ClInclude>
    <ClInclude Include="..\Drivers\STM32F4xx_HAL_Driver\Inc\stm32f4xx_ll_system.h">
      <Filter>Header files\Drivers\STM32F4xx_HAL_Driver</Filter>
    </ClInclude>
    <ClInclude Include="..\Drivers\STM32F4xx_HAL_Driver\Inc\stm32f4xx_ll_usart.h">
      <Filter>Header files\Drivers\STM32F4xx_HAL_Driver</Filter>
    </ClInclude>
    <ClInclude Include="..\Drivers\STM32F4xx_HAL_Driver\Inc\stm32f4xx_ll_usb.h">
      <Filter>Header files\Drivers\STM32F4xx_HAL_Driver</Filter>
    </ClInclude>
    <ClInclude Include="..\Drivers\STM32F4xx_HAL_Driver\Inc\stm32f4xx_ll_utils.h">
      <Filter>Header files\Drivers\STM32F4xx_HAL_Driver</Filter>
    </ClInclude>
    <ClInclude Include="..\Core\Inc\eth.h">
      <Filter>Header files\Application\User\Core</Filter>
    </ClInclude>
    <ClInclude Include="..\Core\Inc\FreeRTOSConfig.h">
      <Filter>Header files\Application\User\Core</Filter>
    </ClInclude>
    <ClInclude Include="..\Core\Inc\gpio.h">
      <Filter>Header files\Application\User\Core</Filter>
    </ClInclude>
    <ClInclude Include="..\Core\Inc\main.h">
      <Filter>Header files\Application\User\Core</Filter>
    </ClInclude>
    <ClInclude Include="..\Core\Inc\stm32f4xx_hal_conf.h">
      <Filter>Header files\Application\User\Core</Filter>
    </ClInclude>
    <ClInclude Include="..\Core\Inc\stm32f4xx_it.h">
      <Filter>Header files\Application\User\Core</Filter>
    </ClInclude>
    <ClInclude Include="..\Core\Inc\usart.h">
      <Filter>Header files\Application\User\Core</Filter>
    </ClInclude>
    <ClInclude Include="..\Core\Inc\usb_otg.h">
      <Filter>Header files\Application\User\Core</Filter>
    </ClInclude>
    <None Include="EmbeddedProject1-Debug.vgdbsettings">
      <Filter>VisualGDB settings</Filter>
    </None>
    <None Include="EmbeddedProject1-Release.vgdbsettings">
      <Filter>VisualGDB settings</Filter>
    </None>
    <None Include="stm32.xml">
      <Filter>VisualGDB settings</Filter>
    </None>
  </ItemGroup>
</Project>